<?xml version="1.0" encoding="utf-8"?>
<Project ToolsVersion="4.0" xmlns="http://schemas.microsoft.com/developer/msbuild/2003">
  <ItemGroup>
    <Filter Include="源文件">
      <UniqueIdentifier>{4FC737F1-C7A5-4376-A066-2A32D752A2FF}</UniqueIdentifier>
      <Extensions>cpp;c;cc;cxx;c++;cppm;ixx;def;odl;idl;hpj;bat;asm;asmx</Extensions>
    </Filter>
    <Filter Include="头文件">
      <UniqueIdentifier>{93995380-89BD-4b04-88EB-625FBE52EBFB}</UniqueIdentifier>
      <Extensions>h;hh;hpp;hxx;h++;hm;inl;inc;ipp;xsd</Extensions>
    </Filter>
    <Filter Include="资源文件">
      <UniqueIdentifier>{67DA6AB6-F800-4c08-8B7A-83BB121AAD01}</UniqueIdentifier>
      <Extensions>rc;ico;cur;bmp;dlg;rc2;rct;bin;rgs;gif;jpg;jpeg;jpe;resx;tiff;tif;png;wav;mfcribbon-ms</Extensions>
    </Filter>
    <Filter Include="源文件\Platform">
      <UniqueIdentifier>{fd5742a3-8881-48b9-9a70-bd2aa6fdf3d0}</UniqueIdentifier>
    </Filter>
    <Filter Include="源文件\Platform\Windows">
      <UniqueIdentifier>{2dfcc8dd-405b-4381-9dbd-851c97a8a7f9}</UniqueIdentifier>
    </Filter>
    <Filter Include="资源文件\docs">
      <UniqueIdentifier>{f7b78161-766e-4a21-a3e1-71522ae81ff7}</UniqueIdentifier>
    </Filter>
    <Filter Include="头文件\Core">
      <UniqueIdentifier>{02aea0af-7c60-4118-a5af-492f34cbafcb}</UniqueIdentifier>
    </Filter>
    <Filter Include="头文件\Utils">
      <UniqueIdentifier>{1378648f-7560-4c88-ac62-b061ae361964}</UniqueIdentifier>
    </Filter>
    <Filter Include="头文件\Network">
      <UniqueIdentifier>{1edef81b-ec79-4828-afd7-dcea2cb31cbc}</UniqueIdentifier>
    </Filter>
    <Filter Include="头文件\Application">
      <UniqueIdentifier>{2e55536b-dd8e-42ac-8eac-66bf989a6d85}</UniqueIdentifier>
    </Filter>
    <Filter Include="头文件\Router">
      <UniqueIdentifier>{8dd6388f-68b8-4cbc-9246-baf4f949d037}</UniqueIdentifier>
    </Filter>
    <Filter Include="头文件\Http">
      <UniqueIdentifier>{6d6b26df-4b25-4fa8-b9e4-496185e99e3a}</UniqueIdentifier>
    </Filter>
    <Filter Include="头文件\Error">
      <UniqueIdentifier>{e7d687b6-b75e-44a4-8c3b-076732b23233}</UniqueIdentifier>
    </Filter>
    <Filter Include="源文件\Platform\Windows\Network">
      <UniqueIdentifier>{682c13f1-d247-44f4-be9a-42d0fc2bd220}</UniqueIdentifier>
    </Filter>
    <Filter Include="源文件\Platform\Windows\Application">
      <UniqueIdentifier>{ae6cc7b0-6647-4d8a-9afd-f8a8ebd779b0}</UniqueIdentifier>
    </Filter>
    <Filter Include="源文件\Platform\Windows\Utils">
      <UniqueIdentifier>{2ee6a66f-fac4-4aa1-ba19-08bee015a5eb}</UniqueIdentifier>
    </Filter>
    <Filter Include="源文件\Platform\Windows\Error">
      <UniqueIdentifier>{f9752bf6-36f7-4ad1-8c06-ba05a26e9b25}</UniqueIdentifier>
    </Filter>
  </ItemGroup>
  <ItemGroup>
    <ClCompile Include="main.cpp">
      <Filter>源文件</Filter>
    </ClCompile>
    <ClCompile Include="Windows_StringConverter.cpp">
      <Filter>源文件\Platform\Windows\Utils</Filter>
    </ClCompile>
    <ClCompile Include="Windows_ErrorMessage.cpp">
      <Filter>源文件\Platform\Windows\Error</Filter>
    </ClCompile>
    <ClCompile Include="Windows_SystemError.cpp">
      <Filter>源文件\Platform\Windows\Error</Filter>
    </ClCompile>
    <ClCompile Include="Windows_FileSystem.cpp">
      <Filter>源文件\Platform\Windows\Application</Filter>
    </ClCompile>
    <ClCompile Include="Windows_TcpSocket.cpp">
      <Filter>源文件\Platform\Windows\Network</Filter>
    </ClCompile>
  </ItemGroup>
  <ItemGroup>
    <ClInclude Include="HttpServer.hpp">
      <Filter>头文件\Core</Filter>
    </ClInclude>
    <ClInclude Include="ConnectionManager.hpp">
      <Filter>头文件\Network</Filter>
    </ClInclude>
    <ClInclude Include="VirtualFileSystem.hpp">
      <Filter>头文件\Application</Filter>
    </ClInclude>
    <ClInclude Include="Router.hpp">
      <Filter>头文件\Router</Filter>
    </ClInclude>
    <ClInclude Include="HttpParser.hpp">
      <Filter>头文件\Http</Filter>
    </ClInclude>
    <ClInclude Include="HttpRequest.hpp">
      <Filter>头文件\Http</Filter>
    </ClInclude>
    <ClInclude Include="HttpResponse.hpp">
      <Filter>头文件\Http</Filter>
    </ClInclude>
    <ClInclude Include="ErrorMessage.h">
      <Filter>头文件\Error</Filter>
    </ClInclude>
    <ClInclude Include="SystemError.h">
      <Filter>头文件\Error</Filter>
    </ClInclude>
    <ClInclude Include="CPP_Helper.h">
      <Filter>头文件\Utils</Filter>
    </ClInclude>
    <ClInclude Include="MyAssert.hpp">
      <Filter>头文件\Utils</Filter>
    </ClInclude>
    <ClInclude Include="StringConverter.h">
      <Filter>头文件\Utils</Filter>
    </ClInclude>
    <ClInclude Include="FileSystem.h">
      <Filter>头文件\Application</Filter>
    </ClInclude>
    <ClInclude Include="TcpSocket.h">
      <Filter>头文件\Network</Filter>
    </ClInclude>
  </ItemGroup>
  <ItemGroup>
    <None Include="..\LICENSE">
      <Filter>资源文件</Filter>
    </None>
    <None Include="..\README.md">
      <Filter>资源文件</Filter>
    </None>
    <None Include="..\docs\rfc7230.txt.pdf">
      <Filter>资源文件\docs</Filter>
    </None>
  </ItemGroup>
  <ItemGroup>
    <Text Include="..\TODO.txt">
      <Filter>资源文件</Filter>
    </Text>
    <Text Include="..\Request.txt">
      <Filter>资源文件</Filter>
    </Text>
    <Text Include="..\docs\rfc7230.txt">
      <Filter>资源文件\docs</Filter>
    </Text>
  </ItemGroup>
</Project>